
Microsoft Visual Studio Solution File, Format Version 12.00
# Visual Studio Version 17
VisualStudioVersion = 17.5.002.0
MinimumVisualStudioVersion = 10.0.40219.1
Project("{9A19103F-16F7-4668-BE54-9A1E7A4F7556}") = "aula-03-converter-tipos-de-dados-cast", "aula-03-converter-tipos-de-dados-cast.csproj", "{2847DAE0-61CF-4DA8-80DC-073488581C37}"
EndProject
Global
	GlobalSection(SolutionConfigurationPlatforms) = preSolution
		Debug|Any CPU = Debug|Any CPU
		Release|Any CPU = Release|Any CPU
	EndGlobalSection
	GlobalSection(ProjectConfigurationPlatforms) = postSolution
		{2847DAE0-61CF-4DA8-80DC-073488581C37}.Debug|Any CPU.ActiveCfg = Debug|Any CPU
		{2847DAE0-61CF-4DA8-80DC-073488581C37}.Debug|Any CPU.Build.0 = Debug|Any CPU
		{2847DAE0-61CF-4DA8-80DC-073488581C37}.Release|Any CPU.ActiveCfg = Release|Any CPU
		{2847DAE0-61CF-4DA8-80DC-073488581C37}.Release|Any CPU.Build.0 = Release|Any CPU
	EndGlobalSection
	GlobalSection(SolutionProperties) = preSolution
		HideSolutionNode = FALSE
	EndGlobalSection
	GlobalSection(ExtensibilityGlobals) = postSolution
		SolutionGuid = {9496950D-0B69-45C9-8C02-0FF0BCB381A1}
	EndGlobalSection
EndGlobal
